
Microsoft Visual Studio Solution File, Format Version 12.00
# Visual Studio Version 17
VisualStudioVersion = 17.14.35906.104 d17.14
MinimumVisualStudioVersion = 10.0.40219.1
Project("{FAE04EC0-301F-11D3-BF4B-00C04F79EFBC}") = "ConsoleApp31", "ConsoleApp31\ConsoleApp31.csproj", "{5F22C463-AD15-4403-9E29-ABD9FBD43A01}"
EndProject
Global
	GlobalSection(SolutionConfigurationPlatforms) = preSolution
		Debug|Any CPU = Debug|Any CPU
		Release|Any CPU = Release|Any CPU
	EndGlobalSection
	GlobalSection(ProjectConfigurationPlatforms) = postSolution
		{5F22C463-AD15-4403-9E29-ABD9FBD43A01}.Debug|Any CPU.ActiveCfg = Debug|Any CPU
		{5F22C463-AD15-4403-9E29-ABD9FBD43A01}.Debug|Any CPU.Build.0 = Debug|Any CPU
		{5F22C463-AD15-4403-9E29-ABD9FBD43A01}.Release|Any CPU.ActiveCfg = Release|Any CPU
		{5F22C463-AD15-4403-9E29-ABD9FBD43A01}.Release|Any CPU.Build.0 = Release|Any CPU
	EndGlobalSection
	GlobalSection(SolutionProperties) = preSolution
		HideSolutionNode = FALSE
	EndGlobalSection
	GlobalSection(ExtensibilityGlobals) = postSolution
		SolutionGuid = {CE32AA67-9D8B-4C17-A64D-8C1D4C5C69B3}
	EndGlobalSection
EndGlobal
